<?xml version="1.0" encoding="UTF-8" standalone="yes" ?>
<CodeBlocks_project_file>
	<FileVersion major="1" minor="6" />
	<Project>
		<Option title="Battle_for_olympia" />
		<Option pch_mode="2" />
		<Option compiler="gcc" />
		<Build>
			<Target title="Debug">
				<Option output="bin/Debug/Battle_for_olympia" prefix_auto="1" extension_auto="1" />
				<Option object_output="obj/Debug/" />
				<Option type="1" />
				<Option compiler="gcc" />
				<Compiler>
					<Add option="-g" />
				</Compiler>
			</Target>
			<Target title="Release">
				<Option output="bin/Release/Battle_for_olympia" prefix_auto="1" extension_auto="1" />
				<Option object_output="obj/Release/" />
				<Option type="1" />
				<Option compiler="gcc" />
				<Compiler>
					<Add option="-O2" />
				</Compiler>
				<Linker>
					<Add option="-s" />
				</Linker>
			</Target>
		</Build>
		<Compiler>
			<Add option="-Wall" />
		</Compiler>
		<Unit filename="../ADT/array.c">
			<Option compilerVar="CC" />
		</Unit>
		<Unit filename="../ADT/array.h" />
		<Unit filename="../ADT/jam.c">
			<Option compilerVar="CC" />
		</Unit>
		<Unit filename="../ADT/jam.h" />
		<Unit filename="../ADT/list_building.c">
			<Option compilerVar="CC" />
		</Unit>
		<Unit filename="../ADT/list_building.h" />
		<Unit filename="../ADT/list_unit.c">
			<Option compilerVar="CC" />
		</Unit>
		<Unit filename="../ADT/list_unit.h" />
		<Unit filename="../ADT/matriks.c">
			<Option compilerVar="CC" />
		</Unit>
		<Unit filename="../ADT/matriks.h" />
		<Unit filename="../ADT/mesinkar.c">
			<Option compilerVar="CC" />
		</Unit>
		<Unit filename="../ADT/mesinkar.h" />
		<Unit filename="../ADT/mesinkata.c">
			<Option compilerVar="CC" />
		</Unit>
		<Unit filename="../ADT/mesinkata.h" />
		<Unit filename="../ADT/point.c">
			<Option compilerVar="CC" />
		</Unit>
		<Unit filename="../ADT/point.h" />
		<Unit filename="../ADT/queue.c">
			<Option compilerVar="CC" />
		</Unit>
		<Unit filename="../ADT/queue.h" />
		<Unit filename="../ADT/stackt_undo.c">
			<Option compilerVar="CC" />
		</Unit>
		<Unit filename="../ADT/stackt_undo.h" />
		<Unit filename="../Main.c">
			<Option compilerVar="CC" />
		</Unit>
		<Unit filename="../Map.c">
			<Option compilerVar="CC" />
		</Unit>
		<Unit filename="../Map.h" />
		<Unit filename="../MapInitialize.c">
			<Option compilerVar="CC" />
		</Unit>
		<Unit filename="../MapInitialize.h" />
		<Unit filename="../Movement.c">
			<Option compilerVar="CC" />
		</Unit>
		<Unit filename="../Movement.h" />
		<Unit filename="../UpdateInfo.c">
			<Option compilerVar="CC" />
		</Unit>
		<Unit filename="../UpdateInfo.h" />
		<Unit filename="../boolean.h" />
		<Unit filename="../init.c">
			<Option compilerVar="CC" />
		</Unit>
		<Unit filename="../init.h" />
		<Unit filename="../rekruit.c">
			<Option compilerVar="CC" />
		</Unit>
		<Unit filename="../rekruit.h" />
		<Unit filename="../turn.c">
			<Option compilerVar="CC" />
		</Unit>
		<Unit filename="../turn.h" />
		<Extensions>
			<code_completion />
			<envvars />
			<debugger />
			<lib_finder disable_auto="1" />
		</Extensions>
	</Project>
</CodeBlocks_project_file>
